
Microsoft Visual Studio Solution File, Format Version 12.00
# Visual Studio Version 17
VisualStudioVersion = 17.9.34622.214
MinimumVisualStudioVersion = 10.0.40219.1
Project("{9A19103F-16F7-4668-BE54-9A1E7A4F7556}") = "HumanResourceApp", "HumanResourceApp\HumanResourceApp.csproj", "{2A39B6C5-8316-4FBE-B2D6-84E130E3344D}"
EndProject
Project("{9A19103F-16F7-4668-BE54-9A1E7A4F7556}") = "HumanResources_Client", "HumanResources_Client\HumanResources_Client.csproj", "{DFA12348-17E4-4CD9-9F26-25178A970A3C}"
EndProject
Global
	GlobalSection(SolutionConfigurationPlatforms) = preSolution
		Debug|Any CPU = Debug|Any CPU
		Release|Any CPU = Release|Any CPU
	EndGlobalSection
	GlobalSection(ProjectConfigurationPlatforms) = postSolution
		{2A39B6C5-8316-4FBE-B2D6-84E130E3344D}.Debug|Any CPU.ActiveCfg = Debug|Any CPU
		{2A39B6C5-8316-4FBE-B2D6-84E130E3344D}.Debug|Any CPU.Build.0 = Debug|Any CPU
		{2A39B6C5-8316-4FBE-B2D6-84E130E3344D}.Release|Any CPU.ActiveCfg = Release|Any CPU
		{2A39B6C5-8316-4FBE-B2D6-84E130E3344D}.Release|Any CPU.Build.0 = Release|Any CPU
		{DFA12348-17E4-4CD9-9F26-25178A970A3C}.Debug|Any CPU.ActiveCfg = Debug|Any CPU
		{DFA12348-17E4-4CD9-9F26-25178A970A3C}.Debug|Any CPU.Build.0 = Debug|Any CPU
		{DFA12348-17E4-4CD9-9F26-25178A970A3C}.Release|Any CPU.ActiveCfg = Release|Any CPU
		{DFA12348-17E4-4CD9-9F26-25178A970A3C}.Release|Any CPU.Build.0 = Release|Any CPU
	EndGlobalSection
	GlobalSection(SolutionProperties) = preSolution
		HideSolutionNode = FALSE
	EndGlobalSection
	GlobalSection(ExtensibilityGlobals) = postSolution
		SolutionGuid = {00CFBDEA-1530-40A8-8CCF-6231B7EE67A5}
	EndGlobalSection
EndGlobal
